
Microsoft Visual Studio Solution File, Format Version 12.00
# Visual Studio 15
VisualStudioVersion = 15.0.27130.2003
MinimumVisualStudioVersion = 10.0.40219.1
Project("{9A19103F-16F7-4668-BE54-9A1E7A4F7556}") = "dotnet-code-challenge", "dotnet-code-challenge\dotnet-code-challenge.csproj", "{2EACCC55-BE34-4771-970A-73373D30714A}"
EndProject
Project("{9A19103F-16F7-4668-BE54-9A1E7A4F7556}") = "dotnet-code-challenge.Test", "dotnet-code-challenge.Test\dotnet-code-challenge.Test.csproj", "{DAC1F19D-DD23-4012-A032-8A95ADDDA5A0}"
EndProject
Project("{9A19103F-16F7-4668-BE54-9A1E7A4F7556}") = "dotnet-code-challenge.Models", "dotnet-code-challenge.Models\dotnet-code-challenge.Models.csproj", "{50319351-0847-4984-B188-311075CB7174}"
EndProject
Project("{9A19103F-16F7-4668-BE54-9A1E7A4F7556}") = "dotnet-code-challenge.CaulFieldRacesDataService", "dotnet-code-challenge.CaulFieldRacesDataService\dotnet-code-challenge.CaulFieldRacesDataService.csproj", "{DF5717E3-8CC7-47C1-9E64-2CFE3B163A9D}"
EndProject
Project("{9A19103F-16F7-4668-BE54-9A1E7A4F7556}") = "dotnet-code-challenge.WolferHamptonRacesDataService", "dotnet-code-challenge.WolferHamptonRacesDataService\dotnet-code-challenge.WolferHamptonRacesDataService.csproj", "{1C6BBD22-1853-4BCA-AD94-D9B5FDD8C42A}"
EndProject
Project("{FAE04EC0-301F-11D3-BF4B-00C04F79EFBC}") = "dotnet-code-challenge.CrossCutting", "dotnet-code-challenge.CrossCutting\dotnet-code-challenge.CrossCutting.csproj", "{813AD80E-E74B-4486-A9C8-FCB0750C1CF9}"
EndProject
Global
	GlobalSection(SolutionConfigurationPlatforms) = preSolution
		Debug|Any CPU = Debug|Any CPU
		Release|Any CPU = Release|Any CPU
	EndGlobalSection
	GlobalSection(ProjectConfigurationPlatforms) = postSolution
		{2EACCC55-BE34-4771-970A-73373D30714A}.Debug|Any CPU.ActiveCfg = Debug|Any CPU
		{2EACCC55-BE34-4771-970A-73373D30714A}.Debug|Any CPU.Build.0 = Debug|Any CPU
		{2EACCC55-BE34-4771-970A-73373D30714A}.Release|Any CPU.ActiveCfg = Release|Any CPU
		{2EACCC55-BE34-4771-970A-73373D30714A}.Release|Any CPU.Build.0 = Release|Any CPU
		{DAC1F19D-DD23-4012-A032-8A95ADDDA5A0}.Debug|Any CPU.ActiveCfg = Debug|Any CPU
		{DAC1F19D-DD23-4012-A032-8A95ADDDA5A0}.Debug|Any CPU.Build.0 = Debug|Any CPU
		{DAC1F19D-DD23-4012-A032-8A95ADDDA5A0}.Release|Any CPU.ActiveCfg = Release|Any CPU
		{DAC1F19D-DD23-4012-A032-8A95ADDDA5A0}.Release|Any CPU.Build.0 = Release|Any CPU
		{50319351-0847-4984-B188-311075CB7174}.Debug|Any CPU.ActiveCfg = Debug|Any CPU
		{50319351-0847-4984-B188-311075CB7174}.Debug|Any CPU.Build.0 = Debug|Any CPU
		{50319351-0847-4984-B188-311075CB7174}.Release|Any CPU.ActiveCfg = Release|Any CPU
		{50319351-0847-4984-B188-311075CB7174}.Release|Any CPU.Build.0 = Release|Any CPU
		{DF5717E3-8CC7-47C1-9E64-2CFE3B163A9D}.Debug|Any CPU.ActiveCfg = Debug|Any CPU
		{DF5717E3-8CC7-47C1-9E64-2CFE3B163A9D}.Debug|Any CPU.Build.0 = Debug|Any CPU
		{DF5717E3-8CC7-47C1-9E64-2CFE3B163A9D}.Release|Any CPU.ActiveCfg = Release|Any CPU
		{DF5717E3-8CC7-47C1-9E64-2CFE3B163A9D}.Release|Any CPU.Build.0 = Release|Any CPU
		{1C6BBD22-1853-4BCA-AD94-D9B5FDD8C42A}.Debug|Any CPU.ActiveCfg = Debug|Any CPU
		{1C6BBD22-1853-4BCA-AD94-D9B5FDD8C42A}.Debug|Any CPU.Build.0 = Debug|Any CPU
		{1C6BBD22-1853-4BCA-AD94-D9B5FDD8C42A}.Release|Any CPU.ActiveCfg = Release|Any CPU
		{1C6BBD22-1853-4BCA-AD94-D9B5FDD8C42A}.Release|Any CPU.Build.0 = Release|Any CPU
		{813AD80E-E74B-4486-A9C8-FCB0750C1CF9}.Debug|Any CPU.ActiveCfg = Debug|Any CPU
		{813AD80E-E74B-4486-A9C8-FCB0750C1CF9}.Debug|Any CPU.Build.0 = Debug|Any CPU
		{813AD80E-E74B-4486-A9C8-FCB0750C1CF9}.Release|Any CPU.ActiveCfg = Release|Any CPU
		{813AD80E-E74B-4486-A9C8-FCB0750C1CF9}.Release|Any CPU.Build.0 = Release|Any CPU
	EndGlobalSection
	GlobalSection(SolutionProperties) = preSolution
		HideSolutionNode = FALSE
	EndGlobalSection
	GlobalSection(ExtensibilityGlobals) = postSolution
		SolutionGuid = {19C4982B-6893-4DB5-9B99-690340DF13FD}
	EndGlobalSection
EndGlobal
